github.com/motaz/codeutils v1.0.15 h1:hyaSKbnhIGntmGbjoKhAWW3S5kzCQUtLcXQli/qoZvU=
github.com/motaz/codeutils v1.0.15/go.mod h1:3Nwz4asoggDXCVd0Z+5Wf4BPKa2lXZt3tjniSlILN40=
github.com/thedevsaddam/govalidator v1.9.10 h1:m3dLRbSZ5Hts3VUWYe+vxLMG+FdyQuWOjzTeQRiMCvU=
github.com/thedevsaddam/govalidator v1.9.10/go.mod h1:Ilx8u7cg5g3LXbSS943cx5kczyNuUn7LH/cK5MYuE90=
